// !$*UTF8*$!
{
	archiveVersion = 1;
	classes = {
	};
	objectVersion = 56;
	objects = {

/* Begin PBXBuildFile section */
		B8D1CC482A67B83200B3BF66 /* AppDelegate.swift in Sources */ = {isa = PBXBuildFile; fileRef = B8D1CC472A67B83200B3BF66 /* AppDelegate.swift */; };
		B8D1CC4A2A67B83200B3BF66 /* SceneDelegate.swift in Sources */ = {isa = PBXBuildFile; fileRef = B8D1CC492A67B83200B3BF66 /* SceneDelegate.swift */; };
		B8D1CC4C2A67B83200B3BF66 /* ViewController.swift in Sources */ = {isa = PBXBuildFile; fileRef = B8D1CC4B2A67B83200B3BF66 /* ViewController.swift */; };
		B8D1CC4F2A67B83200B3BF66 /* Main.storyboard in Resources */ = {isa = PBXBuildFile; fileRef = B8D1CC4D2A67B83200B3BF66 /* Main.storyboard */; };
		B8D1CC512A67B83400B3BF66 /* Assets.xcassets in Resources */ = {isa = PBXBuildFile; fileRef = B8D1CC502A67B83400B3BF66 /* Assets.xcassets */; };
		B8D1CC542A67B83400B3BF66 /* LaunchScreen.storyboard in Resources */ = {isa = PBXBuildFile; fileRef = B8D1CC522A67B83400B3BF66 /* LaunchScreen.storyboard */; };
		B8D1CC5F2A67B83500B3BF66 /* pageController_using_collectionViewTests.swift in Sources */ = {isa = PBXBuildFile; fileRef = B8D1CC5E2A67B83500B3BF66 /* pageController_using_collectionViewTests.swift */; };
		B8D1CC692A67B83500B3BF66 /* pageController_using_collectionViewUITests.swift in Sources */ = {isa = PBXBuildFile; fileRef = B8D1CC682A67B83500B3BF66 /* pageController_using_collectionViewUITests.swift */; };
		B8D1CC6B2A67B83500B3BF66 /* pageController_using_collectionViewUITestsLaunchTests.swift in Sources */ = {isa = PBXBuildFile; fileRef = B8D1CC6A2A67B83500B3BF66 /* pageController_using_collectionViewUITestsLaunchTests.swift */; };
		B8D1CC782A67B8E800B3BF66 /* firstCollectionViewCell.swift in Sources */ = {isa = PBXBuildFile; fileRef = B8D1CC772A67B8E800B3BF66 /* firstCollectionViewCell.swift */; };
/* End PBXBuildFile section */

/* Begin PBXContainerItemProxy section */
		B8D1CC5B2A67B83400B3BF66 /* PBXContainerItemProxy */ = {
			isa = PBXContainerItemProxy;
			containerPortal = B8D1CC3C2A67B83200B3BF66 /* Project object */;
			proxyType = 1;
			remoteGlobalIDString = B8D1CC432A67B83200B3BF66;
			remoteInfo = "pageController using collectionView";
		};
		B8D1CC652A67B83500B3BF66 /* PBXContainerItemProxy */ = {
			isa = PBXContainerItemProxy;
			containerPortal = B8D1CC3C2A67B83200B3BF66 /* Project object */;
			proxyType = 1;
			remoteGlobalIDString = B8D1CC432A67B83200B3BF66;
			remoteInfo = "pageController using collectionView";
		};
/* End PBXContainerItemProxy section */

/* Begin PBXFileReference section */
		B8D1CC442A67B83200B3BF66 /* pageController using collectionView.app */ = {isa = PBXFileReference; explicitFileType = wrapper.application; includeInIndex = 0; path = "pageController using collectionView.app"; sourceTree = BUILT_PRODUCTS_DIR; };
		B8D1CC472A67B83200B3BF66 /* AppDelegate.swift */ = {isa = PBXFileReference; lastKnownFileType = sourcecode.swift; path = AppDelegate.swift; sourceTree = "<group>"; };
		B8D1CC492A67B83200B3BF66 /* SceneDelegate.swift */ = {isa = PBXFileReference; lastKnownFileType = sourcecode.swift; path = SceneDelegate.swift; sourceTree = "<group>"; };
		B8D1CC4B2A67B83200B3BF66 /* ViewController.swift */ = {isa = PBXFileReference; lastKnownFileType = sourcecode.swift; path = ViewController.swift; sourceTree = "<group>"; };
		B8D1CC4E2A67B83200B3BF66 /* Base */ = {isa = PBXFileReference; lastKnownFileType = file.storyboard; name = Base; path = Base.lproj/Main.storyboard; sourceTree = "<group>"; };
		B8D1CC502A67B83400B3BF66 /* Assets.xcassets */ = {isa = PBXFileReference; lastKnownFileType = folder.assetcatalog; path = Assets.xcassets; sourceTree = "<group>"; };
		B8D1CC532A67B83400B3BF66 /* Base */ = {isa = PBXFileReference; lastKnownFileType = file.storyboard; name = Base; path = Base.lproj/LaunchScreen.storyboard; sourceTree = "<group>"; };
		B8D1CC552A67B83400B3BF66 /* Info.plist */ = {isa = PBXFileReference; lastKnownFileType = text.plist.xml; path = Info.plist; sourceTree = "<group>"; };
		B8D1CC5A2A67B83400B3BF66 /* pageController using collectionViewTests.xctest */ = {isa = PBXFileReference; explicitFileType = wrapper.cfbundle; includeInIndex = 0; path = "pageController using collectionViewTests.xctest"; sourceTree = BUILT_PRODUCTS_DIR; };
		B8D1CC5E2A67B83500B3BF66 /* pageController_using_collectionViewTests.swift */ = {isa = PBXFileReference; lastKnownFileType = sourcecode.swift; path = pageController_using_collectionViewTests.swift; sourceTree = "<group>"; };
		B8D1CC642A67B83500B3BF66 /* pageController using collectionViewUITests.xctest */ = {isa = PBXFileReference; explicitFileType = wrapper.cfbundle; includeInIndex = 0; path = "pageController using collectionViewUITests.xctest"; sourceTree = BUILT_PRODUCTS_DIR; };
		B8D1CC682A67B83500B3BF66 /* pageController_using_collectionViewUITests.swift */ = {isa = PBXFileReference; lastKnownFileType = sourcecode.swift; path = pageController_using_collectionViewUITests.swift; sourceTree = "<group>"; };
		B8D1CC6A2A67B83500B3BF66 /* pageController_using_collectionViewUITestsLaunchTests.swift */ = {isa = PBXFileReference; lastKnownFileType = sourcecode.swift; path = pageController_using_collectionViewUITestsLaunchTests.swift; sourceTree = "<group>"; };
		B8D1CC772A67B8E800B3BF66 /* firstCollectionViewCell.swift */ = {isa = PBXFileReference; lastKnownFileType = sourcecode.swift; path = firstCollectionViewCell.swift; sourceTree = "<group>"; };
/* End PBXFileReference section */

/* Begin PBXFrameworksBuildPhase section */
		B8D1CC412A67B83200B3BF66 /* Frameworks */ = {
			isa = PBXFrameworksBuildPhase;
			buildActionMask = 2147483647;
			files = (
			);
			runOnlyForDeploymentPostprocessing = 0;
		};
		B8D1CC572A67B83400B3BF66 /* Frameworks */ = {
			isa = PBXFrameworksBuildPhase;
			buildActionMask = 2147483647;
			files = (
			);
			runOnlyForDeploymentPostprocessing = 0;
		};
		B8D1CC612A67B83500B3BF66 /* Frameworks */ = {
			isa = PBXFrameworksBuildPhase;
			buildActionMask = 2147483647;
			files = (
			);
			runOnlyForDeploymentPostprocessing = 0;
		};
/* End PBXFrameworksBuildPhase section */

/* Begin PBXGroup section */
		B8D1CC3B2A67B83200B3BF66 = {
			isa = PBXGroup;
			children = (
				B8D1CC462A67B83200B3BF66 /* pageController using collectionView */,
				B8D1CC5D2A67B83400B3BF66 /* pageController using collectionViewTests */,
				B8D1CC672A67B83500B3BF66 /* pageController using collectionViewUITests */,
				B8D1CC452A67B83200B3BF66 /* Products */,
			);
			sourceTree = "<group>";
		};
		B8D1CC452A67B83200B3BF66 /* Products */ = {
			isa = PBXGroup;
			children = (
				B8D1CC442A67B83200B3BF66 /* pageController using collectionView.app */,
				B8D1CC5A2A67B83400B3BF66 /* pageController using collectionViewTests.xctest */,
				B8D1CC642A67B83500B3BF66 /* pageController using collectionViewUITests.xctest */,
			);
			name = Products;
			sourceTree = "<group>";
		};
		B8D1CC462A67B83200B3BF66 /* pageController using collectionView */ = {
			isa = PBXGroup;
			children = (
				B8D1CC472A67B83200B3BF66 /* AppDelegate.swift */,
				B8D1CC492A67B83200B3BF66 /* SceneDelegate.swift */,
				B8D1CC4B2A67B83200B3BF66 /* ViewController.swift */,
				B8D1CC4D2A67B83200B3BF66 /* Main.storyboard */,
				B8D1CC772A67B8E800B3BF66 /* firstCollectionViewCell.swift */,
				B8D1CC502A67B83400B3BF66 /* Assets.xcassets */,
				B8D1CC522A67B83400B3BF66 /* LaunchScreen.storyboard */,
				B8D1CC552A67B83400B3BF66 /* Info.plist */,
			);
			path = "pageController using collectionView";
			sourceTree = "<group>";
		};
		B8D1CC5D2A67B83400B3BF66 /* pageController using collectionViewTests */ = {
			isa = PBXGroup;
			children = (
				B8D1CC5E2A67B83500B3BF66 /* pageController_using_collectionViewTests.swift */,
			);
			path = "pageController using collectionViewTests";
			sourceTree = "<group>";
		};
		B8D1CC672A67B83500B3BF66 /* pageController using collectionViewUITests */ = {
			isa = PBXGroup;
			children = (
				B8D1CC682A67B83500B3BF66 /* pageController_using_collectionViewUITests.swift */,
				B8D1CC6A2A67B83500B3BF66 /* pageController_using_collectionViewUITestsLaunchTests.swift */,
			);
			path = "pageController using collectionViewUITests";
			sourceTree = "<group>";
		};
/* End PBXGroup section */

/* Begin PBXNativeTarget section */
		B8D1CC432A67B83200B3BF66 /* pageController using collectionView */ = {
			isa = PBXNativeTarget;
			buildConfigurationList = B8D1CC6E2A67B83500B3BF66 /* Build configuration list for PBXNativeTarget "pageController using collectionView" */;
			buildPhases = (
				B8D1CC402A67B83200B3BF66 /* Sources */,
				B8D1CC412A67B83200B3BF66 /* Frameworks */,
				B8D1CC422A67B83200B3BF66 /* Resources */,
			);
			buildRules = (
			);
			dependencies = (
			);
			name = "pageController using collectionView";
			productName = "pageController using collectionView";
			productReference = B8D1CC442A67B83200B3BF66 /* pageController using collectionView.app */;
			productType = "com.apple.product-type.application";
		};
		B8D1CC592A67B83400B3BF66 /* pageController using collectionViewTests */ = {
			isa = PBXNativeTarget;
			buildConfigurationList = B8D1CC712A67B83500B3BF66 /* Build configuration list for PBXNativeTarget "pageController using collectionViewTests" */;
			buildPhases = (
				B8D1CC562A67B83400B3BF66 /* Sources */,
				B8D1CC572A67B83400B3BF66 /* Frameworks */,
				B8D1CC582A67B83400B3BF66 /* Resources */,
			);
			buildRules = (
			);
			dependencies = (
				B8D1CC5C2A67B83400B3BF66 /* PBXTargetDependency */,
			);
			name = "pageController using collectionViewTests";
			productName = "pageController using collectionViewTests";
			productReference = B8D1CC5A2A67B83400B3BF66 /* pageController using collectionViewTests.xctest */;
			productType = "com.apple.product-type.bundle.unit-test";
		};
		B8D1CC632A67B83500B3BF66 /* pageController using collectionViewUITests */ = {
			isa = PBXNativeTarget;
			buildConfigurationList = B8D1CC742A67B83500B3BF66 /* Build configuration list for PBXNativeTarget "pageController using collectionViewUITests" */;
			buildPhases = (
				B8D1CC602A67B83500B3BF66 /* Sources */,
				B8D1CC612A67B83500B3BF66 /* Frameworks */,
				B8D1CC622A67B83500B3BF66 /* Resources */,
			);
			buildRules = (
			);
			dependencies = (
				B8D1CC662A67B83500B3BF66 /* PBXTargetDependency */,
			);
			name = "pageController using collectionViewUITests";
			productName = "pageController using collectionViewUITests";
			productReference = B8D1CC642A67B83500B3BF66 /* pageController using collectionViewUITests.xctest */;
			productType = "com.apple.product-type.bundle.ui-testing";
		};
/* End PBXNativeTarget section */

/* Begin PBXProject section */
		B8D1CC3C2A67B83200B3BF66 /* Project object */ = {
			isa = PBXProject;
			attributes = {
				BuildIndependentTargetsInParallel = 1;
				LastSwiftUpdateCheck = 1420;
				LastUpgradeCheck = 1420;
				TargetAttributes = {
					B8D1CC432A67B83200B3BF66 = {
						CreatedOnToolsVersion = 14.2;
					};
					B8D1CC592A67B83400B3BF66 = {
						CreatedOnToolsVersion = 14.2;
						TestTargetID = B8D1CC432A67B83200B3BF66;
					};
					B8D1CC632A67B83500B3BF66 = {
						CreatedOnToolsVersion = 14.2;
						TestTargetID = B8D1CC432A67B83200B3BF66;
					};
				};
			};
			buildConfigurationList = B8D1CC3F2A67B83200B3BF66 /* Build configuration list for PBXProject "pageController using collectionView" */;
			compatibilityVersion = "Xcode 14.0";
			developmentRegion = en;
			hasScannedForEncodings = 0;
			knownRegions = (
				en,
				Base,
			);
			mainGroup = B8D1CC3B2A67B83200B3BF66;
			productRefGroup = B8D1CC452A67B83200B3BF66 /* Products */;
			projectDirPath = "";
			projectRoot = "";
			targets = (
				B8D1CC432A67B83200B3BF66 /* pageController using collectionView */,
				B8D1CC592A67B83400B3BF66 /* pageController using collectionViewTests */,
				B8D1CC632A67B83500B3BF66 /* pageController using collectionViewUITests */,
			);
		};
/* End PBXProject section */

/* Begin PBXResourcesBuildPhase section */
		B8D1CC422A67B83200B3BF66 /* Resources */ = {
			isa = PBXResourcesBuildPhase;
			buildActionMask = 2147483647;
			files = (
				B8D1CC542A67B83400B3BF66 /* LaunchScreen.storyboard in Resources */,
				B8D1CC512A67B83400B3BF66 /* Assets.xcassets in Resources */,
				B8D1CC4F2A67B83200B3BF66 /* Main.storyboard in Resources */,
			);
			runOnlyForDeploymentPostprocessing = 0;
		};
		B8D1CC582A67B83400B3BF66 /* Resources */ = {
			isa = PBXResourcesBuildPhase;
			buildActionMask = 2147483647;
			files = (
			);
			runOnlyForDeploymentPostprocessing = 0;
		};
		B8D1CC622A67B83500B3BF66 /* Resources */ = {
			isa = PBXResourcesBuildPhase;
			buildActionMask = 2147483647;
			files = (
			);
			runOnlyForDeploymentPostprocessing = 0;
		};
/* End PBXResourcesBuildPhase section */

/* Begin PBXSourcesBuildPhase section */
		B8D1CC402A67B83200B3BF66 /* Sources */ = {
			isa = PBXSourcesBuildPhase;
			buildActionMask = 2147483647;
			files = (
				B8D1CC4C2A67B83200B3BF66 /* ViewController.swift in Sources */,
				B8D1CC482A67B83200B3BF66 /* AppDelegate.swift in Sources */,
				B8D1CC4A2A67B83200B3BF66 /* SceneDelegate.swift in Sources */,
				B8D1CC782A67B8E800B3BF66 /* firstCollectionViewCell.swift in Sources */,
			);
			runOnlyForDeploymentPostprocessing = 0;
		};
		B8D1CC562A67B83400B3BF66 /* Sources */ = {
			isa = PBXSourcesBuildPhase;
			buildActionMask = 2147483647;
			files = (
				B8D1CC5F2A67B83500B3BF66 /* pageController_using_collectionViewTests.swift in Sources */,
			);
			runOnlyForDeploymentPostprocessing = 0;
		};
		B8D1CC602A67B83500B3BF66 /* Sources */ = {
			isa = PBXSourcesBuildPhase;
			buildActionMask = 2147483647;
			files = (
				B8D1CC692A67B83500B3BF66 /* pageController_using_collectionViewUITests.swift in Sources */,
				B8D1CC6B2A67B83500B3BF66 /* pageController_using_collectionViewUITestsLaunchTests.swift in Sources */,
			);
			runOnlyForDeploymentPostprocessing = 0;
		};
/* End PBXSourcesBuildPhase section */

/* Begin PBXTargetDependency section */
		B8D1CC5C2A67B83400B3BF66 /* PBXTargetDependency */ = {
			isa = PBXTargetDependency;
			target = B8D1CC432A67B83200B3BF66 /* pageController using collectionView */;
			targetProxy = B8D1CC5B2A67B83400B3BF66 /* PBXContainerItemProxy */;
		};
		B8D1CC662A67B83500B3BF66 /* PBXTargetDependency */ = {
			isa = PBXTargetDependency;
			target = B8D1CC432A67B83200B3BF66 /* pageController using collectionView */;
			targetProxy = B8D1CC652A67B83500B3BF66 /* PBXContainerItemProxy */;
		};
/* End PBXTargetDependency section */

/* Begin PBXVariantGroup section */
		B8D1CC4D2A67B83200B3BF66 /* Main.storyboard */ = {
			isa = PBXVariantGroup;
			children = (
				B8D1CC4E2A67B83200B3BF66 /* Base */,
			);
			name = Main.storyboard;
			sourceTree = "<group>";
		};
		B8D1CC522A67B83400B3BF66 /* LaunchScreen.storyboard */ = {
			isa = PBXVariantGroup;
			children = (
				B8D1CC532A67B83400B3BF66 /* Base */,
			);
			name = LaunchScreen.storyboard;
			sourceTree = "<group>";
		};
/* End PBXVariantGroup section */

/* Begin XCBuildConfiguration section */
		B8D1CC6C2A67B83500B3BF66 /* Debug */ = {
			isa = XCBuildConfiguration;
			buildSettings = {
				ALWAYS_SEARCH_USER_PATHS = NO;
				CLANG_ANALYZER_NONNULL = YES;
				CLANG_ANALYZER_NUMBER_OBJECT_CONVERSION = YES_AGGRESSIVE;
				CLANG_CXX_LANGUAGE_STANDARD = "gnu++20";
				CLANG_ENABLE_MODULES = YES;
				CLANG_ENABLE_OBJC_ARC = YES;
				CLANG_ENABLE_OBJC_WEAK = YES;
				CLANG_WARN_BLOCK_CAPTURE_AUTORELEASING = YES;
				CLANG_WARN_BOOL_CONVERSION = YES;
				CLANG_WARN_COMMA = YES;
				CLANG_WARN_CONSTANT_CONVERSION = YES;
				CLANG_WARN_DEPRECATED_OBJC_IMPLEMENTATIONS = YES;
				CLANG_WARN_DIRECT_OBJC_ISA_USAGE = YES_ERROR;
				CLANG_WARN_DOCUMENTATION_COMMENTS = YES;
				CLANG_WARN_EMPTY_BODY = YES;
				CLANG_WARN_ENUM_CONVERSION = YES;
				CLANG_WARN_INFINITE_RECURSION = YES;
				CLANG_WARN_INT_CONVERSION = YES;
				CLANG_WARN_NON_LITERAL_NULL_CONVERSION = YES;
				CLANG_WARN_OBJC_IMPLICIT_RETAIN_SELF = YES;
				CLANG_WARN_OBJC_LITERAL_CONVERSION = YES;
				CLANG_WARN_OBJC_ROOT_CLASS = YES_ERROR;
				CLANG_WARN_QUOTED_INCLUDE_IN_FRAMEWORK_HEADER = YES;
				CLANG_WARN_RANGE_LOOP_ANALYSIS = YES;
				CLANG_WARN_STRICT_PROTOTYPES = YES;
				CLANG_WARN_SUSPICIOUS_MOVE = YES;
				CLANG_WARN_UNGUARDED_AVAILABILITY = YES_AGGRESSIVE;
				CLANG_WARN_UNREACHABLE_CODE = YES;
				CLANG_WARN__DUPLICATE_METHOD_MATCH = YES;
				COPY_PHASE_STRIP = NO;
				DEBUG_INFORMATION_FORMAT = dwarf;
				ENABLE_STRICT_OBJC_MSGSEND = YES;
				ENABLE_TESTABILITY = YES;
				GCC_C_LANGUAGE_STANDARD = gnu11;
				GCC_DYNAMIC_NO_PIC = NO;
				GCC_NO_COMMON_BLOCKS = YES;
				GCC_OPTIMIZATION_LEVEL = 0;
				GCC_PREPROCESSOR_DEFINITIONS = (
					"DEBUG=1",
					"$(inherited)",
				);
				GCC_WARN_64_TO_32_BIT_CONVERSION = YES;
				GCC_WARN_ABOUT_RETURN_TYPE = YES_ERROR;
				GCC_WARN_UNDECLARED_SELECTOR = YES;
				GCC_WARN_UNINITIALIZED_AUTOS = YES_AGGRESSIVE;
				GCC_WARN_UNUSED_FUNCTION = YES;
				GCC_WARN_UNUSED_VARIABLE = YES;
				IPHONEOS_DEPLOYMENT_TARGET = 16.2;
				MTL_ENABLE_DEBUG_INFO = INCLUDE_SOURCE;
				MTL_FAST_MATH = YES;
				ONLY_ACTIVE_ARCH = YES;
				SDKROOT = iphoneos;
				SWIFT_ACTIVE_COMPILATION_CONDITIONS = DEBUG;
				SWIFT_OPTIMIZATION_LEVEL = "-Onone";
			};
			name = Debug;
		};
		B8D1CC6D2A67B83500B3BF66 /* Release */ = {
			isa = XCBuildConfiguration;
			buildSettings = {
				ALWAYS_SEARCH_USER_PATHS = NO;
				CLANG_ANALYZER_NONNULL = YES;
				CLANG_ANALYZER_NUMBER_OBJECT_CONVERSION = YES_AGGRESSIVE;
				CLANG_CXX_LANGUAGE_STANDARD = "gnu++20";
				CLANG_ENABLE_MODULES = YES;
				CLANG_ENABLE_OBJC_ARC = YES;
				CLANG_ENABLE_OBJC_WEAK = YES;
				CLANG_WARN_BLOCK_CAPTURE_AUTORELEASING = YES;
				CLANG_WARN_BOOL_CONVERSION = YES;
				CLANG_WARN_COMMA = YES;
				CLANG_WARN_CONSTANT_CONVERSION = YES;
				CLANG_WARN_DEPRECATED_OBJC_IMPLEMENTATIONS = YES;
				CLANG_WARN_DIRECT_OBJC_ISA_USAGE = YES_ERROR;
				CLANG_WARN_DOCUMENTATION_COMMENTS = YES;
				CLANG_WARN_EMPTY_BODY = YES;
				CLANG_WARN_ENUM_CONVERSION = YES;
				CLANG_WARN_INFINITE_RECURSION = YES;
				CLANG_WARN_INT_CONVERSION = YES;
				CLANG_WARN_NON_LITERAL_NULL_CONVERSION = YES;
				CLANG_WARN_OBJC_IMPLICIT_RETAIN_SELF = YES;
				CLANG_WARN_OBJC_LITERAL_CONVERSION = YES;
				CLANG_WARN_OBJC_ROOT_CLASS = YES_ERROR;
				CLANG_WARN_QUOTED_INCLUDE_IN_FRAMEWORK_HEADER = YES;
				CLANG_WARN_RANGE_LOOP_ANALYSIS = YES;
				CLANG_WARN_STRICT_PROTOTYPES = YES;
				CLANG_WARN_SUSPICIOUS_MOVE = YES;
				CLANG_WARN_UNGUARDED_AVAILABILITY = YES_AGGRESSIVE;
				CLANG_WARN_UNREACHABLE_CODE = YES;
				CLANG_WARN__DUPLICATE_METHOD_MATCH = YES;
				COPY_PHASE_STRIP = NO;
				DEBUG_INFORMATION_FORMAT = "dwarf-with-dsym";
				ENABLE_NS_ASSERTIONS = NO;
				ENABLE_STRICT_OBJC_MSGSEND = YES;
				GCC_C_LANGUAGE_STANDARD = gnu11;
				GCC_NO_COMMON_BLOCKS = YES;
				GCC_WARN_64_TO_32_BIT_CONVERSION = YES;
				GCC_WARN_ABOUT_RETURN_TYPE = YES_ERROR;
				GCC_WARN_UNDECLARED_SELECTOR = YES;
				GCC_WARN_UNINITIALIZED_AUTOS = YES_AGGRESSIVE;
				GCC_WARN_UNUSED_FUNCTION = YES;
				GCC_WARN_UNUSED_VARIABLE = YES;
				IPHONEOS_DEPLOYMENT_TARGET = 16.2;
				MTL_ENABLE_DEBUG_INFO = NO;
				MTL_FAST_MATH = YES;
				SDKROOT = iphoneos;
				SWIFT_COMPILATION_MODE = wholemodule;
				SWIFT_OPTIMIZATION_LEVEL = "-O";
				VALIDATE_PRODUCT = YES;
			};
			name = Release;
		};
		B8D1CC6F2A67B83500B3BF66 /* Debug */ = {
			isa = XCBuildConfiguration;
			buildSettings = {
				ASSETCATALOG_COMPILER_APPICON_NAME = AppIcon;
				ASSETCATALOG_COMPILER_GLOBAL_ACCENT_COLOR_NAME = AccentColor;
				CODE_SIGN_STYLE = Automatic;
				CURRENT_PROJECT_VERSION = 1;
				DEVELOPMENT_TEAM = SY4CHD2YQ6;
				GENERATE_INFOPLIST_FILE = YES;
				INFOPLIST_FILE = "pageController using collectionView/Info.plist";
				INFOPLIST_KEY_UIApplicationSupportsIndirectInputEvents = YES;
				INFOPLIST_KEY_UILaunchStoryboardName = LaunchScreen;
				INFOPLIST_KEY_UIMainStoryboardFile = Main;
				INFOPLIST_KEY_UISupportedInterfaceOrientations_iPad = "UIInterfaceOrientationPortrait UIInterfaceOrientationPortraitUpsideDown UIInterfaceOrientationLandscapeLeft UIInterfaceOrientationLandscapeRight";
				INFOPLIST_KEY_UISupportedInterfaceOrientations_iPhone = "UIInterfaceOrientationPortrait UIInterfaceOrientationLandscapeLeft UIInterfaceOrientationLandscapeRight";
				LD_RUNPATH_SEARCH_PATHS = (
					"$(inherited)",
					"@executable_path/Frameworks",
				);
				MARKETING_VERSION = 1.0;
				PRODUCT_BUNDLE_IDENTIFIER = "com.digival.pageController-using-collectionView";
				PRODUCT_NAME = "$(TARGET_NAME)";
				SWIFT_EMIT_LOC_STRINGS = YES;
				SWIFT_VERSION = 5.0;
				TARGETED_DEVICE_FAMILY = "1,2";
			};
			name = Debug;
		};
		B8D1CC702A67B83500B3BF66 /* Release */ = {
			isa = XCBuildConfiguration;
			buildSettings = {
				ASSETCATALOG_COMPILER_APPICON_NAME = AppIcon;
				ASSETCATALOG_COMPILER_GLOBAL_ACCENT_COLOR_NAME = AccentColor;
				CODE_SIGN_STYLE = Automatic;
				CURRENT_PROJECT_VERSION = 1;
				DEVELOPMENT_TEAM = SY4CHD2YQ6;
				GENERATE_INFOPLIST_FILE = YES;
				INFOPLIST_FILE = "pageController using collectionView/Info.plist";
				INFOPLIST_KEY_UIApplicationSupportsIndirectInputEvents = YES;
				INFOPLIST_KEY_UILaunchStoryboardName = LaunchScreen;
				INFOPLIST_KEY_UIMainStoryboardFile = Main;
				INFOPLIST_KEY_UISupportedInterfaceOrientations_iPad = "UIInterfaceOrientationPortrait UIInterfaceOrientationPortraitUpsideDown UIInterfaceOrientationLandscapeLeft UIInterfaceOrientationLandscapeRight";
				INFOPLIST_KEY_UISupportedInterfaceOrientations_iPhone = "UIInterfaceOrientationPortrait UIInterfaceOrientationLandscapeLeft UIInterfaceOrientationLandscapeRight";
				LD_RUNPATH_SEARCH_PATHS = (
					"$(inherited)",
					"@executable_path/Frameworks",
				);
				MARKETING_VERSION = 1.0;
				PRODUCT_BUNDLE_IDENTIFIER = "com.digival.pageController-using-collectionView";
				PRODUCT_NAME = "$(TARGET_NAME)";
				SWIFT_EMIT_LOC_STRINGS = YES;
				SWIFT_VERSION = 5.0;
				TARGETED_DEVICE_FAMILY = "1,2";
			};
			name = Release;
		};
		B8D1CC722A67B83500B3BF66 /* Debug */ = {
			isa = XCBuildConfiguration;
			buildSettings = {
				ALWAYS_EMBED_SWIFT_STANDARD_LIBRARIES = YES;
				BUNDLE_LOADER = "$(TEST_HOST)";
				CODE_SIGN_STYLE = Automatic;
				CURRENT_PROJECT_VERSION = 1;
				DEVELOPMENT_TEAM = SY4CHD2YQ6;
				GENERATE_INFOPLIST_FILE = YES;
				IPHONEOS_DEPLOYMENT_TARGET = 16.2;
				MARKETING_VERSION = 1.0;
				PRODUCT_BUNDLE_IDENTIFIER = "com.digival.pageController-using-collectionViewTests";
				PRODUCT_NAME = "$(TARGET_NAME)";
				SWIFT_EMIT_LOC_STRINGS = NO;
				SWIFT_VERSION = 5.0;
				TARGETED_DEVICE_FAMILY = "1,2";
				TEST_HOST = "$(BUILT_PRODUCTS_DIR)/pageController using collectionView.app/$(BUNDLE_EXECUTABLE_FOLDER_PATH)/pageController using collectionView";
			};
			name = Debug;
		};
		B8D1CC732A67B83500B3BF66 /* Release */ = {
			isa = XCBuildConfiguration;
			buildSettings = {
				ALWAYS_EMBED_SWIFT_STANDARD_LIBRARIES = YES;
				BUNDLE_LOADER = "$(TEST_HOST)";
				CODE_SIGN_STYLE = Automatic;
				CURRENT_PROJECT_VERSION = 1;
				DEVELOPMENT_TEAM = SY4CHD2YQ6;
				GENERATE_INFOPLIST_FILE = YES;
				IPHONEOS_DEPLOYMENT_TARGET = 16.2;
				MARKETING_VERSION = 1.0;
				PRODUCT_BUNDLE_IDENTIFIER = "com.digival.pageController-using-collectionViewTests";
				PRODUCT_NAME = "$(TARGET_NAME)";
				SWIFT_EMIT_LOC_STRINGS = NO;
				SWIFT_VERSION = 5.0;
				TARGETED_DEVICE_FAMILY = "1,2";
				TEST_HOST = "$(BUILT_PRODUCTS_DIR)/pageController using collectionView.app/$(BUNDLE_EXECUTABLE_FOLDER_PATH)/pageController using collectionView";
			};
			name = Release;
		};
		B8D1CC752A67B83500B3BF66 /* Debug */ = {
			isa = XCBuildConfiguration;
			buildSettings = {
				ALWAYS_EMBED_SWIFT_STANDARD_LIBRARIES = YES;
				CODE_SIGN_STYLE = Automatic;
				CURRENT_PROJECT_VERSION = 1;
				DEVELOPMENT_TEAM = SY4CHD2YQ6;
				GENERATE_INFOPLIST_FILE = YES;
				MARKETING_VERSION = 1.0;
				PRODUCT_BUNDLE_IDENTIFIER = "com.digival.pageController-using-collectionViewUITests";
				PRODUCT_NAME = "$(TARGET_NAME)";
				SWIFT_EMIT_LOC_STRINGS = NO;
				SWIFT_VERSION = 5.0;
				TARGETED_DEVICE_FAMILY = "1,2";
				TEST_TARGET_NAME = "pageController using collectionView";
			};
			name = Debug;
		};
		B8D1CC762A67B83500B3BF66 /* Release */ = {
			isa = XCBuildConfiguration;
			buildSettings = {
				ALWAYS_EMBED_SWIFT_STANDARD_LIBRARIES = YES;
				CODE_SIGN_STYLE = Automatic;
				CURRENT_PROJECT_VERSION = 1;
				DEVELOPMENT_TEAM = SY4CHD2YQ6;
				GENERATE_INFOPLIST_FILE = YES;
				MARKETING_VERSION = 1.0;
				PRODUCT_BUNDLE_IDENTIFIER = "com.digival.pageController-using-collectionViewUITests";
				PRODUCT_NAME = "$(TARGET_NAME)";
				SWIFT_EMIT_LOC_STRINGS = NO;
				SWIFT_VERSION = 5.0;
				TARGETED_DEVICE_FAMILY = "1,2";
				TEST_TARGET_NAME = "pageController using collectionView";
			};
			name = Release;
		};
/* End XCBuildConfiguration section */

/* Begin XCConfigurationList section */
		B8D1CC3F2A67B83200B3BF66 /* Build configuration list for PBXProject "pageController using collectionView" */ = {
			isa = XCConfigurationList;
			buildConfigurations = (
				B8D1CC6C2A67B83500B3BF66 /* Debug */,
				B8D1CC6D2A67B83500B3BF66 /* Release */,
			);
			defaultConfigurationIsVisible = 0;
			defaultConfigurationName = Release;
		};
		B8D1CC6E2A67B83500B3BF66 /* Build configuration list for PBXNativeTarget "pageController using collectionView" */ = {
			isa = XCConfigurationList;
			buildConfigurations = (
				B8D1CC6F2A67B83500B3BF66 /* Debug */,
				B8D1CC702A67B83500B3BF66 /* Release */,
			);
			defaultConfigurationIsVisible = 0;
			defaultConfigurationName = Release;
		};
		B8D1CC712A67B83500B3BF66 /* Build configuration list for PBXNativeTarget "pageController using collectionViewTests" */ = {
			isa = XCConfigurationList;
			buildConfigurations = (
				B8D1CC722A67B83500B3BF66 /* Debug */,
				B8D1CC732A67B83500B3BF66 /* Release */,
			);
			defaultConfigurationIsVisible = 0;
			defaultConfigurationName = Release;
		};
		B8D1CC742A67B83500B3BF66 /* Build configuration list for PBXNativeTarget "pageController using collectionViewUITests" */ = {
			isa = XCConfigurationList;
			buildConfigurations = (
				B8D1CC752A67B83500B3BF66 /* Debug */,
				B8D1CC762A67B83500B3BF66 /* Release */,
			);
			defaultConfigurationIsVisible = 0;
			defaultConfigurationName = Release;
		};
/* End XCConfigurationList section */
	};
	rootObject = B8D1CC3C2A67B83200B3BF66 /* Project object */;
}
